
Microsoft Visual Studio Solution File, Format Version 12.00
# Visual Studio Version 17
VisualStudioVersion = 17.7.34031.279
MinimumVisualStudioVersion = 10.0.40219.1
Project("{9A19103F-16F7-4668-BE54-9A1E7A4F7556}") = "Voyager", "src\Voyager\Voyager.csproj", "{002469C6-80ED-479E-9DF2-2BB1F360F195}"
	ProjectSection(ProjectDependencies) = postProject
		{FDC52B00-A056-4AE5-83A0-738C245C0A90} = {FDC52B00-A056-4AE5-83A0-738C245C0A90}
	EndProjectSection
EndProject
Project("{2150E333-8FDC-42A3-9474-1A3956D46DE8}") = "Samples", "Samples", "{94C40C68-D0F4-4831-8014-72C6D1424ACA}"
EndProject
Project("{2150E333-8FDC-42A3-9474-1A3956D46DE8}") = "Tests", "Tests", "{EA72A2E3-8F1A-4CB2-8A8A-DDFD10123DDD}"
EndProject
Project("{2150E333-8FDC-42A3-9474-1A3956D46DE8}") = "src", "src", "{9BA957EA-1FB6-4601-8CD2-28356DD9C858}"
EndProject
Project("{2150E333-8FDC-42A3-9474-1A3956D46DE8}") = "Solution Items", "Solution Items", "{CB386B3A-92E0-453C-9AFA-8B0F56DCA6DE}"
	ProjectSection(SolutionItems) = preProject
		.editorconfig = .editorconfig
	EndProjectSection
EndProject
Project("{9A19103F-16F7-4668-BE54-9A1E7A4F7556}") = "Voyager.SourceGenerator", "src\Voyager.SourceGenerator\Voyager.SourceGenerator.csproj", "{FDC52B00-A056-4AE5-83A0-738C245C0A90}"
EndProject
Project("{9A19103F-16F7-4668-BE54-9A1E7A4F7556}") = "MinimalApi", "Samples\MinimalApi\MinimalApi.csproj", "{F417EC75-6D1D-4C7A-A3F2-FC5661F5D53D}"
EndProject
Project("{2150E333-8FDC-42A3-9474-1A3956D46DE8}") = "Benchmarks", "Benchmarks", "{AC9D763A-C67A-40DB-953E-35E481305753}"
EndProject
Project("{9A19103F-16F7-4668-BE54-9A1E7A4F7556}") = "MinimalApi", "Benchmarks\MinimalApi\MinimalApi.csproj", "{52E55BBC-177F-466A-82B1-058311073CA9}"
EndProject
Project("{9A19103F-16F7-4668-BE54-9A1E7A4F7556}") = "Runner", "Benchmarks\Runner\Runner.csproj", "{A2841FD6-F867-4BBA-A76C-D7F960C6BF76}"
EndProject
Project("{9A19103F-16F7-4668-BE54-9A1E7A4F7556}") = "FEBench", "Benchmarks\FastEndpointsBench\FEBench.csproj", "{7766F68F-B4D1-49C2-A220-4B36204D3EB1}"
EndProject
Project("{9A19103F-16F7-4668-BE54-9A1E7A4F7556}") = "MvcControllers", "Benchmarks\MvcControllers\MvcControllers.csproj", "{C21CFB1B-8F7D-40FA-90B5-EAC8EC7B44A5}"
EndProject
Project("{9A19103F-16F7-4668-BE54-9A1E7A4F7556}") = "VoyagerBench", "Benchmarks\VoyagerBench\VoyagerBench.csproj", "{9C2A4518-8D6C-447D-9688-1A1CBF72BE74}"
EndProject
Project("{9A19103F-16F7-4668-BE54-9A1E7A4F7556}") = "UnitTests", "Tests\UnitTests\UnitTests.csproj", "{6795795B-7716-47DF-89B9-66088A524926}"
EndProject
Global
	GlobalSection(SolutionConfigurationPlatforms) = preSolution
		Debug|Any CPU = Debug|Any CPU
		Release|Any CPU = Release|Any CPU
	EndGlobalSection
	GlobalSection(ProjectConfigurationPlatforms) = postSolution
		{002469C6-80ED-479E-9DF2-2BB1F360F195}.Debug|Any CPU.ActiveCfg = Debug|Any CPU
		{002469C6-80ED-479E-9DF2-2BB1F360F195}.Debug|Any CPU.Build.0 = Debug|Any CPU
		{002469C6-80ED-479E-9DF2-2BB1F360F195}.Release|Any CPU.ActiveCfg = Release|Any CPU
		{002469C6-80ED-479E-9DF2-2BB1F360F195}.Release|Any CPU.Build.0 = Release|Any CPU
		{FDC52B00-A056-4AE5-83A0-738C245C0A90}.Debug|Any CPU.ActiveCfg = Debug|Any CPU
		{FDC52B00-A056-4AE5-83A0-738C245C0A90}.Debug|Any CPU.Build.0 = Debug|Any CPU
		{FDC52B00-A056-4AE5-83A0-738C245C0A90}.Release|Any CPU.ActiveCfg = Release|Any CPU
		{FDC52B00-A056-4AE5-83A0-738C245C0A90}.Release|Any CPU.Build.0 = Release|Any CPU
		{F417EC75-6D1D-4C7A-A3F2-FC5661F5D53D}.Debug|Any CPU.ActiveCfg = Debug|Any CPU
		{F417EC75-6D1D-4C7A-A3F2-FC5661F5D53D}.Debug|Any CPU.Build.0 = Debug|Any CPU
		{F417EC75-6D1D-4C7A-A3F2-FC5661F5D53D}.Release|Any CPU.ActiveCfg = Release|Any CPU
		{F417EC75-6D1D-4C7A-A3F2-FC5661F5D53D}.Release|Any CPU.Build.0 = Release|Any CPU
		{52E55BBC-177F-466A-82B1-058311073CA9}.Debug|Any CPU.ActiveCfg = Debug|Any CPU
		{52E55BBC-177F-466A-82B1-058311073CA9}.Debug|Any CPU.Build.0 = Debug|Any CPU
		{52E55BBC-177F-466A-82B1-058311073CA9}.Release|Any CPU.ActiveCfg = Release|Any CPU
		{52E55BBC-177F-466A-82B1-058311073CA9}.Release|Any CPU.Build.0 = Release|Any CPU
		{A2841FD6-F867-4BBA-A76C-D7F960C6BF76}.Debug|Any CPU.ActiveCfg = Debug|Any CPU
		{A2841FD6-F867-4BBA-A76C-D7F960C6BF76}.Debug|Any CPU.Build.0 = Debug|Any CPU
		{A2841FD6-F867-4BBA-A76C-D7F960C6BF76}.Release|Any CPU.ActiveCfg = Release|Any CPU
		{A2841FD6-F867-4BBA-A76C-D7F960C6BF76}.Release|Any CPU.Build.0 = Release|Any CPU
		{7766F68F-B4D1-49C2-A220-4B36204D3EB1}.Debug|Any CPU.ActiveCfg = Debug|Any CPU
		{7766F68F-B4D1-49C2-A220-4B36204D3EB1}.Debug|Any CPU.Build.0 = Debug|Any CPU
		{7766F68F-B4D1-49C2-A220-4B36204D3EB1}.Release|Any CPU.ActiveCfg = Release|Any CPU
		{7766F68F-B4D1-49C2-A220-4B36204D3EB1}.Release|Any CPU.Build.0 = Release|Any CPU
		{C21CFB1B-8F7D-40FA-90B5-EAC8EC7B44A5}.Debug|Any CPU.ActiveCfg = Debug|Any CPU
		{C21CFB1B-8F7D-40FA-90B5-EAC8EC7B44A5}.Debug|Any CPU.Build.0 = Debug|Any CPU
		{C21CFB1B-8F7D-40FA-90B5-EAC8EC7B44A5}.Release|Any CPU.ActiveCfg = Release|Any CPU
		{C21CFB1B-8F7D-40FA-90B5-EAC8EC7B44A5}.Release|Any CPU.Build.0 = Release|Any CPU
		{9C2A4518-8D6C-447D-9688-1A1CBF72BE74}.Debug|Any CPU.ActiveCfg = Debug|Any CPU
		{9C2A4518-8D6C-447D-9688-1A1CBF72BE74}.Debug|Any CPU.Build.0 = Debug|Any CPU
		{9C2A4518-8D6C-447D-9688-1A1CBF72BE74}.Release|Any CPU.ActiveCfg = Release|Any CPU
		{9C2A4518-8D6C-447D-9688-1A1CBF72BE74}.Release|Any CPU.Build.0 = Release|Any CPU
		{6795795B-7716-47DF-89B9-66088A524926}.Debug|Any CPU.ActiveCfg = Debug|Any CPU
		{6795795B-7716-47DF-89B9-66088A524926}.Debug|Any CPU.Build.0 = Debug|Any CPU
		{6795795B-7716-47DF-89B9-66088A524926}.Release|Any CPU.ActiveCfg = Release|Any CPU
		{6795795B-7716-47DF-89B9-66088A524926}.Release|Any CPU.Build.0 = Release|Any CPU
	EndGlobalSection
	GlobalSection(SolutionProperties) = preSolution
		HideSolutionNode = FALSE
	EndGlobalSection
	GlobalSection(NestedProjects) = preSolution
		{002469C6-80ED-479E-9DF2-2BB1F360F195} = {9BA957EA-1FB6-4601-8CD2-28356DD9C858}
		{FDC52B00-A056-4AE5-83A0-738C245C0A90} = {9BA957EA-1FB6-4601-8CD2-28356DD9C858}
		{F417EC75-6D1D-4C7A-A3F2-FC5661F5D53D} = {94C40C68-D0F4-4831-8014-72C6D1424ACA}
		{52E55BBC-177F-466A-82B1-058311073CA9} = {AC9D763A-C67A-40DB-953E-35E481305753}
		{A2841FD6-F867-4BBA-A76C-D7F960C6BF76} = {AC9D763A-C67A-40DB-953E-35E481305753}
		{7766F68F-B4D1-49C2-A220-4B36204D3EB1} = {AC9D763A-C67A-40DB-953E-35E481305753}
		{C21CFB1B-8F7D-40FA-90B5-EAC8EC7B44A5} = {AC9D763A-C67A-40DB-953E-35E481305753}
		{9C2A4518-8D6C-447D-9688-1A1CBF72BE74} = {AC9D763A-C67A-40DB-953E-35E481305753}
		{6795795B-7716-47DF-89B9-66088A524926} = {EA72A2E3-8F1A-4CB2-8A8A-DDFD10123DDD}
	EndGlobalSection
	GlobalSection(ExtensibilityGlobals) = postSolution
		SolutionGuid = {1A85F59D-8A0C-422D-B7D6-326C61D9328B}
	EndGlobalSection
EndGlobal
