
Microsoft Visual Studio Solution File, Format Version 12.00
# Visual Studio Version 16
VisualStudioVersion = 16.0.30114.105
MinimumVisualStudioVersion = 10.0.40219.1
Project("{9A19103F-16F7-4668-BE54-9A1E7A4F7556}") = "Voyager", "src\Voyager\Voyager.csproj", "{002469C6-80ED-479E-9DF2-2BB1F360F195}"
EndProject
Project("{2150E333-8FDC-42A3-9474-1A3956D46DE8}") = "Samples", "Samples", "{94C40C68-D0F4-4831-8014-72C6D1424ACA}"
EndProject
Project("{9A19103F-16F7-4668-BE54-9A1E7A4F7556}") = "Shared", "Samples\Shared\Shared.csproj", "{606112B7-FB92-42D9-8C33-215D69E9AC50}"
EndProject
Project("{9A19103F-16F7-4668-BE54-9A1E7A4F7556}") = "SampleFunctionsApp", "Samples\SampleFunctionsApp\SampleFunctionsApp.csproj", "{F12F3FB5-5358-4C26-821D-A9728F194297}"
EndProject
Project("{9A19103F-16F7-4668-BE54-9A1E7A4F7556}") = "Voyager.Azure.Functions", "src\Voyager.Azure.Functions\Voyager.Azure.Functions.csproj", "{D7B84010-0B43-436C-A592-A1B07A571784}"
EndProject
Project("{9A19103F-16F7-4668-BE54-9A1E7A4F7556}") = "SampleApi", "Samples\SampleApi\SampleApi.csproj", "{6A2CDF21-F126-4C7C-A20D-3D1BF3F35035}"
EndProject
Project("{2150E333-8FDC-42A3-9474-1A3956D46DE8}") = "Tests", "Tests", "{EA72A2E3-8F1A-4CB2-8A8A-DDFD10123DDD}"
EndProject
Project("{2150E333-8FDC-42A3-9474-1A3956D46DE8}") = "src", "src", "{9BA957EA-1FB6-4601-8CD2-28356DD9C858}"
EndProject
Project("{9A19103F-16F7-4668-BE54-9A1E7A4F7556}") = "Voyager.UnitTests", "Tests\Voyager.UnitTests\Voyager.UnitTests.csproj", "{3538ABFD-952E-4AA3-87B0-18B073D2D175}"
EndProject
Project("{2150E333-8FDC-42A3-9474-1A3956D46DE8}") = "Solution Items", "Solution Items", "{CB386B3A-92E0-453C-9AFA-8B0F56DCA6DE}"
	ProjectSection(SolutionItems) = preProject
		.editorconfig = .editorconfig
	EndProjectSection
EndProject
Project("{FAE04EC0-301F-11D3-BF4B-00C04F79EFBC}") = "RazoreApp", "Samples\RazoreApp\RazoreApp.csproj", "{59EAD153-C6BD-4A98-BB92-ACF9977A4219}"
EndProject
Global
	GlobalSection(SolutionConfigurationPlatforms) = preSolution
		Debug|Any CPU = Debug|Any CPU
		Release|Any CPU = Release|Any CPU
	EndGlobalSection
	GlobalSection(ProjectConfigurationPlatforms) = postSolution
		{002469C6-80ED-479E-9DF2-2BB1F360F195}.Debug|Any CPU.ActiveCfg = Debug|Any CPU
		{002469C6-80ED-479E-9DF2-2BB1F360F195}.Debug|Any CPU.Build.0 = Debug|Any CPU
		{002469C6-80ED-479E-9DF2-2BB1F360F195}.Release|Any CPU.ActiveCfg = Release|Any CPU
		{002469C6-80ED-479E-9DF2-2BB1F360F195}.Release|Any CPU.Build.0 = Release|Any CPU
		{606112B7-FB92-42D9-8C33-215D69E9AC50}.Debug|Any CPU.ActiveCfg = Debug|Any CPU
		{606112B7-FB92-42D9-8C33-215D69E9AC50}.Debug|Any CPU.Build.0 = Debug|Any CPU
		{606112B7-FB92-42D9-8C33-215D69E9AC50}.Release|Any CPU.ActiveCfg = Release|Any CPU
		{606112B7-FB92-42D9-8C33-215D69E9AC50}.Release|Any CPU.Build.0 = Release|Any CPU
		{F12F3FB5-5358-4C26-821D-A9728F194297}.Debug|Any CPU.ActiveCfg = Debug|Any CPU
		{F12F3FB5-5358-4C26-821D-A9728F194297}.Debug|Any CPU.Build.0 = Debug|Any CPU
		{F12F3FB5-5358-4C26-821D-A9728F194297}.Release|Any CPU.ActiveCfg = Release|Any CPU
		{F12F3FB5-5358-4C26-821D-A9728F194297}.Release|Any CPU.Build.0 = Release|Any CPU
		{D7B84010-0B43-436C-A592-A1B07A571784}.Debug|Any CPU.ActiveCfg = Debug|Any CPU
		{D7B84010-0B43-436C-A592-A1B07A571784}.Debug|Any CPU.Build.0 = Debug|Any CPU
		{D7B84010-0B43-436C-A592-A1B07A571784}.Release|Any CPU.ActiveCfg = Release|Any CPU
		{D7B84010-0B43-436C-A592-A1B07A571784}.Release|Any CPU.Build.0 = Release|Any CPU
		{6A2CDF21-F126-4C7C-A20D-3D1BF3F35035}.Debug|Any CPU.ActiveCfg = Debug|Any CPU
		{6A2CDF21-F126-4C7C-A20D-3D1BF3F35035}.Debug|Any CPU.Build.0 = Debug|Any CPU
		{6A2CDF21-F126-4C7C-A20D-3D1BF3F35035}.Release|Any CPU.ActiveCfg = Release|Any CPU
		{6A2CDF21-F126-4C7C-A20D-3D1BF3F35035}.Release|Any CPU.Build.0 = Release|Any CPU
		{3538ABFD-952E-4AA3-87B0-18B073D2D175}.Debug|Any CPU.ActiveCfg = Debug|Any CPU
		{3538ABFD-952E-4AA3-87B0-18B073D2D175}.Debug|Any CPU.Build.0 = Debug|Any CPU
		{3538ABFD-952E-4AA3-87B0-18B073D2D175}.Release|Any CPU.ActiveCfg = Release|Any CPU
		{3538ABFD-952E-4AA3-87B0-18B073D2D175}.Release|Any CPU.Build.0 = Release|Any CPU
		{59EAD153-C6BD-4A98-BB92-ACF9977A4219}.Debug|Any CPU.ActiveCfg = Debug|Any CPU
		{59EAD153-C6BD-4A98-BB92-ACF9977A4219}.Debug|Any CPU.Build.0 = Debug|Any CPU
		{59EAD153-C6BD-4A98-BB92-ACF9977A4219}.Release|Any CPU.ActiveCfg = Release|Any CPU
		{59EAD153-C6BD-4A98-BB92-ACF9977A4219}.Release|Any CPU.Build.0 = Release|Any CPU
	EndGlobalSection
	GlobalSection(SolutionProperties) = preSolution
		HideSolutionNode = FALSE
	EndGlobalSection
	GlobalSection(NestedProjects) = preSolution
		{002469C6-80ED-479E-9DF2-2BB1F360F195} = {9BA957EA-1FB6-4601-8CD2-28356DD9C858}
		{606112B7-FB92-42D9-8C33-215D69E9AC50} = {94C40C68-D0F4-4831-8014-72C6D1424ACA}
		{F12F3FB5-5358-4C26-821D-A9728F194297} = {94C40C68-D0F4-4831-8014-72C6D1424ACA}
		{D7B84010-0B43-436C-A592-A1B07A571784} = {9BA957EA-1FB6-4601-8CD2-28356DD9C858}
		{6A2CDF21-F126-4C7C-A20D-3D1BF3F35035} = {94C40C68-D0F4-4831-8014-72C6D1424ACA}
		{3538ABFD-952E-4AA3-87B0-18B073D2D175} = {EA72A2E3-8F1A-4CB2-8A8A-DDFD10123DDD}
		{59EAD153-C6BD-4A98-BB92-ACF9977A4219} = {94C40C68-D0F4-4831-8014-72C6D1424ACA}
	EndGlobalSection
	GlobalSection(ExtensibilityGlobals) = postSolution
		SolutionGuid = {1A85F59D-8A0C-422D-B7D6-326C61D9328B}
	EndGlobalSection
EndGlobal
